
Microsoft Visual Studio Solution File, Format Version 10.00
# Visual Studio 2008
Project("{FAE04EC0-301F-11D3-BF4B-00C04F79EFBC}") = "gestionstock", "gestionstock\gestionstock.csproj", "{773490A1-51C6-4325-950B-1C52B98BD0DB}"
EndProject
Global
	GlobalSection(SolutionConfigurationPlatforms) = preSolution
		Debug|Any CPU = Debug|Any CPU
		Release|Any CPU = Release|Any CPU
	EndGlobalSection
	GlobalSection(ProjectConfigurationPlatforms) = postSolution
		{773490A1-51C6-4325-950B-1C52B98BD0DB}.Debug|Any CPU.ActiveCfg = Debug|Any CPU
		{773490A1-51C6-4325-950B-1C52B98BD0DB}.Debug|Any CPU.Build.0 = Debug|Any CPU
		{773490A1-51C6-4325-950B-1C52B98BD0DB}.Release|Any CPU.ActiveCfg = Release|Any CPU
		{773490A1-51C6-4325-950B-1C52B98BD0DB}.Release|Any CPU.Build.0 = Release|Any CPU
	EndGlobalSection
	GlobalSection(SolutionProperties) = preSolution
		HideSolutionNode = FALSE
	EndGlobalSection
EndGlobal
