
Microsoft Visual Studio Solution File, Format Version 12.00
# Visual Studio Version 16
VisualStudioVersion = 16.0.35026.282
MinimumVisualStudioVersion = 10.0.40219.1
Project("{FAE04EC0-301F-11D3-BF4B-00C04F79EFBC}") = "gestionstock", "gestionstock\gestionstock.csproj", "{773490A1-51C6-4325-950B-1C52B98BD0DB}"
EndProject
Global
	GlobalSection(SolutionConfigurationPlatforms) = preSolution
		Debug|Any CPU = Debug|Any CPU
		Release|Any CPU = Release|Any CPU
	EndGlobalSection
	GlobalSection(ProjectConfigurationPlatforms) = postSolution
		{773490A1-51C6-4325-950B-1C52B98BD0DB}.Debug|Any CPU.ActiveCfg = Debug|Any CPU
		{773490A1-51C6-4325-950B-1C52B98BD0DB}.Debug|Any CPU.Build.0 = Debug|Any CPU
		{773490A1-51C6-4325-950B-1C52B98BD0DB}.Release|Any CPU.ActiveCfg = Release|Any CPU
		{773490A1-51C6-4325-950B-1C52B98BD0DB}.Release|Any CPU.Build.0 = Release|Any CPU
	EndGlobalSection
	GlobalSection(SolutionProperties) = preSolution
		HideSolutionNode = FALSE
	EndGlobalSection
	GlobalSection(ExtensibilityGlobals) = postSolution
		SolutionGuid = {CAE8D516-1A26-4F6B-A7DA-8ADBA83809D3}
	EndGlobalSection
EndGlobal
